// !$*UTF8*$!
{
	archiveVersion = 1;
	classes = {
	};
	objectVersion = 50;
	objects = {

/* Begin PBXBuildFile section */
		2C2E97AC239EF0D300876922 /* AppDelegate.swift in Sources */ = {isa = PBXBuildFile; fileRef = 2C2E97AB239EF0D300876922 /* AppDelegate.swift */; };
		2C2E97AE239EF0D300876922 /* SceneDelegate.swift in Sources */ = {isa = PBXBuildFile; fileRef = 2C2E97AD239EF0D300876922 /* SceneDelegate.swift */; };
		2C2E97B3239EF0D300876922 /* Main.storyboard in Resources */ = {isa = PBXBuildFile; fileRef = 2C2E97B1239EF0D300876922 /* Main.storyboard */; };
		2C2E97B5239EF0D400876922 /* Assets.xcassets in Resources */ = {isa = PBXBuildFile; fileRef = 2C2E97B4239EF0D400876922 /* Assets.xcassets */; };
		2C2E97B8239EF0D400876922 /* LaunchScreen.storyboard in Resources */ = {isa = PBXBuildFile; fileRef = 2C2E97B6239EF0D400876922 /* LaunchScreen.storyboard */; };
		2C2E97C5239EF15300876922 /* Entry.swift in Sources */ = {isa = PBXBuildFile; fileRef = 2C2E97C4239EF15300876922 /* Entry.swift */; };
		2C2E97C7239EF4B200876922 /* EntryController.swift in Sources */ = {isa = PBXBuildFile; fileRef = 2C2E97C6239EF4B200876922 /* EntryController.swift */; };
		2C2E97C9239EF76500876922 /* EntryListViewController.swift in Sources */ = {isa = PBXBuildFile; fileRef = 2C2E97C8239EF76500876922 /* EntryListViewController.swift */; };
		2C2E97CB239EFC2500876922 /* EntryDetailViewController.swift in Sources */ = {isa = PBXBuildFile; fileRef = 2C2E97CA239EFC2500876922 /* EntryDetailViewController.swift */; };
		2C2E97CF239F09E800876922 /* CloudKit.framework in Frameworks */ = {isa = PBXBuildFile; fileRef = 2C2E97CE239F09E800876922 /* CloudKit.framework */; };
/* End PBXBuildFile section */

/* Begin PBXFileReference section */
		2C2E97A8239EF0D300876922 /* JournalWithCloudKit.app */ = {isa = PBXFileReference; explicitFileType = wrapper.application; includeInIndex = 0; path = JournalWithCloudKit.app; sourceTree = BUILT_PRODUCTS_DIR; };
		2C2E97AB239EF0D300876922 /* AppDelegate.swift */ = {isa = PBXFileReference; lastKnownFileType = sourcecode.swift; path = AppDelegate.swift; sourceTree = "<group>"; };
		2C2E97AD239EF0D300876922 /* SceneDelegate.swift */ = {isa = PBXFileReference; lastKnownFileType = sourcecode.swift; path = SceneDelegate.swift; sourceTree = "<group>"; };
		2C2E97B2239EF0D300876922 /* Base */ = {isa = PBXFileReference; lastKnownFileType = file.storyboard; name = Base; path = Base.lproj/Main.storyboard; sourceTree = "<group>"; };
		2C2E97B4239EF0D400876922 /* Assets.xcassets */ = {isa = PBXFileReference; lastKnownFileType = folder.assetcatalog; path = Assets.xcassets; sourceTree = "<group>"; };
		2C2E97B7239EF0D400876922 /* Base */ = {isa = PBXFileReference; lastKnownFileType = file.storyboard; name = Base; path = Base.lproj/LaunchScreen.storyboard; sourceTree = "<group>"; };
		2C2E97B9239EF0D400876922 /* Info.plist */ = {isa = PBXFileReference; lastKnownFileType = text.plist.xml; path = Info.plist; sourceTree = "<group>"; };
		2C2E97C4239EF15300876922 /* Entry.swift */ = {isa = PBXFileReference; lastKnownFileType = sourcecode.swift; path = Entry.swift; sourceTree = "<group>"; };
		2C2E97C6239EF4B200876922 /* EntryController.swift */ = {isa = PBXFileReference; lastKnownFileType = sourcecode.swift; path = EntryController.swift; sourceTree = "<group>"; };
		2C2E97C8239EF76500876922 /* EntryListViewController.swift */ = {isa = PBXFileReference; lastKnownFileType = sourcecode.swift; path = EntryListViewController.swift; sourceTree = "<group>"; };
		2C2E97CA239EFC2500876922 /* EntryDetailViewController.swift */ = {isa = PBXFileReference; lastKnownFileType = sourcecode.swift; path = EntryDetailViewController.swift; sourceTree = "<group>"; };
		2C2E97CC239F09E400876922 /* JournalWithCloudKit.entitlements */ = {isa = PBXFileReference; lastKnownFileType = text.plist.entitlements; path = JournalWithCloudKit.entitlements; sourceTree = "<group>"; };
		2C2E97CE239F09E800876922 /* CloudKit.framework */ = {isa = PBXFileReference; lastKnownFileType = wrapper.framework; name = CloudKit.framework; path = System/Library/Frameworks/CloudKit.framework; sourceTree = SDKROOT; };
/* End PBXFileReference section */

/* Begin PBXFrameworksBuildPhase section */
		2C2E97A5239EF0D300876922 /* Frameworks */ = {
			isa = PBXFrameworksBuildPhase;
			buildActionMask = 2147483647;
			files = (
				2C2E97CF239F09E800876922 /* CloudKit.framework in Frameworks */,
			);
			runOnlyForDeploymentPostprocessing = 0;
		};
/* End PBXFrameworksBuildPhase section */

/* Begin PBXGroup section */
		2C2E979F239EF0D300876922 = {
			isa = PBXGroup;
			children = (
				2C2E97AA239EF0D300876922 /* JournalWithCloudKit */,
				2C2E97A9239EF0D300876922 /* Products */,
				2C2E97CD239F09E800876922 /* Frameworks */,
			);
			sourceTree = "<group>";
		};
		2C2E97A9239EF0D300876922 /* Products */ = {
			isa = PBXGroup;
			children = (
				2C2E97A8239EF0D300876922 /* JournalWithCloudKit.app */,
			);
			name = Products;
			sourceTree = "<group>";
		};
		2C2E97AA239EF0D300876922 /* JournalWithCloudKit */ = {
			isa = PBXGroup;
			children = (
				2C2E97CC239F09E400876922 /* JournalWithCloudKit.entitlements */,
				2C2E97C0239EF10700876922 /* UI */,
				2C2E97C3239EF13800876922 /* Models */,
				2C2E97C2239EF13100876922 /* ModelControllers */,
				2C2E97C1239EF12800876922 /* ViewControllers */,
				2C2E97BF239EF0DE00876922 /* Resources */,
			);
			path = JournalWithCloudKit;
			sourceTree = "<group>";
		};
		2C2E97BF239EF0DE00876922 /* Resources */ = {
			isa = PBXGroup;
			children = (
				2C2E97AB239EF0D300876922 /* AppDelegate.swift */,
				2C2E97AD239EF0D300876922 /* SceneDelegate.swift */,
				2C2E97B4239EF0D400876922 /* Assets.xcassets */,
				2C2E97B6239EF0D400876922 /* LaunchScreen.storyboard */,
				2C2E97B9239EF0D400876922 /* Info.plist */,
			);
			path = Resources;
			sourceTree = "<group>";
		};
		2C2E97C0239EF10700876922 /* UI */ = {
			isa = PBXGroup;
			children = (
				2C2E97B1239EF0D300876922 /* Main.storyboard */,
			);
			path = UI;
			sourceTree = "<group>";
		};
		2C2E97C1239EF12800876922 /* ViewControllers */ = {
			isa = PBXGroup;
			children = (
				2C2E97C8239EF76500876922 /* EntryListViewController.swift */,
				2C2E97CA239EFC2500876922 /* EntryDetailViewController.swift */,
			);
			path = ViewControllers;
			sourceTree = "<group>";
		};
		2C2E97C2239EF13100876922 /* ModelControllers */ = {
			isa = PBXGroup;
			children = (
				2C2E97C6239EF4B200876922 /* EntryController.swift */,
			);
			path = ModelControllers;
			sourceTree = "<group>";
		};
		2C2E97C3239EF13800876922 /* Models */ = {
			isa = PBXGroup;
			children = (
				2C2E97C4239EF15300876922 /* Entry.swift */,
			);
			path = Models;
			sourceTree = "<group>";
		};
		2C2E97CD239F09E800876922 /* Frameworks */ = {
			isa = PBXGroup;
			children = (
				2C2E97CE239F09E800876922 /* CloudKit.framework */,
			);
			name = Frameworks;
			sourceTree = "<group>";
		};
/* End PBXGroup section */

/* Begin PBXNativeTarget section */
		2C2E97A7239EF0D300876922 /* JournalWithCloudKit */ = {
			isa = PBXNativeTarget;
			buildConfigurationList = 2C2E97BC239EF0D400876922 /* Build configuration list for PBXNativeTarget "JournalWithCloudKit" */;
			buildPhases = (
				2C2E97A4239EF0D300876922 /* Sources */,
				2C2E97A5239EF0D300876922 /* Frameworks */,
				2C2E97A6239EF0D300876922 /* Resources */,
			);
			buildRules = (
			);
			dependencies = (
			);
			name = JournalWithCloudKit;
			productName = JournalWithCloudKit;
			productReference = 2C2E97A8239EF0D300876922 /* JournalWithCloudKit.app */;
			productType = "com.apple.product-type.application";
		};
/* End PBXNativeTarget section */

/* Begin PBXProject section */
		2C2E97A0239EF0D300876922 /* Project object */ = {
			isa = PBXProject;
			attributes = {
				LastSwiftUpdateCheck = 1120;
				LastUpgradeCheck = 1120;
				ORGANIZATIONNAME = "Renaissance Apps";
				TargetAttributes = {
					2C2E97A7239EF0D300876922 = {
						CreatedOnToolsVersion = 11.2.1;
					};
				};
			};
			buildConfigurationList = 2C2E97A3239EF0D300876922 /* Build configuration list for PBXProject "JournalWithCloudKit" */;
			compatibilityVersion = "Xcode 9.3";
			developmentRegion = en;
			hasScannedForEncodings = 0;
			knownRegions = (
				en,
				Base,
			);
			mainGroup = 2C2E979F239EF0D300876922;
			productRefGroup = 2C2E97A9239EF0D300876922 /* Products */;
			projectDirPath = "";
			projectRoot = "";
			targets = (
				2C2E97A7239EF0D300876922 /* JournalWithCloudKit */,
			);
		};
/* End PBXProject section */

/* Begin PBXResourcesBuildPhase section */
		2C2E97A6239EF0D300876922 /* Resources */ = {
			isa = PBXResourcesBuildPhase;
			buildActionMask = 2147483647;
			files = (
				2C2E97B8239EF0D400876922 /* LaunchScreen.storyboard in Resources */,
				2C2E97B5239EF0D400876922 /* Assets.xcassets in Resources */,
				2C2E97B3239EF0D300876922 /* Main.storyboard in Resources */,
			);
			runOnlyForDeploymentPostprocessing = 0;
		};
/* End PBXResourcesBuildPhase section */

/* Begin PBXSourcesBuildPhase section */
		2C2E97A4239EF0D300876922 /* Sources */ = {
			isa = PBXSourcesBuildPhase;
			buildActionMask = 2147483647;
			files = (
				2C2E97C5239EF15300876922 /* Entry.swift in Sources */,
				2C2E97AC239EF0D300876922 /* AppDelegate.swift in Sources */,
				2C2E97C9239EF76500876922 /* EntryListViewController.swift in Sources */,
				2C2E97C7239EF4B200876922 /* EntryController.swift in Sources */,
				2C2E97CB239EFC2500876922 /* EntryDetailViewController.swift in Sources */,
				2C2E97AE239EF0D300876922 /* SceneDelegate.swift in Sources */,
			);
			runOnlyForDeploymentPostprocessing = 0;
		};
/* End PBXSourcesBuildPhase section */

/* Begin PBXVariantGroup section */
		2C2E97B1239EF0D300876922 /* Main.storyboard */ = {
			isa = PBXVariantGroup;
			children = (
				2C2E97B2239EF0D300876922 /* Base */,
			);
			name = Main.storyboard;
			sourceTree = "<group>";
		};
		2C2E97B6239EF0D400876922 /* LaunchScreen.storyboard */ = {
			isa = PBXVariantGroup;
			children = (
				2C2E97B7239EF0D400876922 /* Base */,
			);
			name = LaunchScreen.storyboard;
			sourceTree = "<group>";
		};
/* End PBXVariantGroup section */

/* Begin XCBuildConfiguration section */
		2C2E97BA239EF0D400876922 /* Debug */ = {
			isa = XCBuildConfiguration;
			buildSettings = {
				ALWAYS_SEARCH_USER_PATHS = NO;
				CLANG_ANALYZER_NONNULL = YES;
				CLANG_ANALYZER_NUMBER_OBJECT_CONVERSION = YES_AGGRESSIVE;
				CLANG_CXX_LANGUAGE_STANDARD = "gnu++14";
				CLANG_CXX_LIBRARY = "libc++";
				CLANG_ENABLE_MODULES = YES;
				CLANG_ENABLE_OBJC_ARC = YES;
				CLANG_ENABLE_OBJC_WEAK = YES;
				CLANG_WARN_BLOCK_CAPTURE_AUTORELEASING = YES;
				CLANG_WARN_BOOL_CONVERSION = YES;
				CLANG_WARN_COMMA = YES;
				CLANG_WARN_CONSTANT_CONVERSION = YES;
				CLANG_WARN_DEPRECATED_OBJC_IMPLEMENTATIONS = YES;
				CLANG_WARN_DIRECT_OBJC_ISA_USAGE = YES_ERROR;
				CLANG_WARN_DOCUMENTATION_COMMENTS = YES;
				CLANG_WARN_EMPTY_BODY = YES;
				CLANG_WARN_ENUM_CONVERSION = YES;
				CLANG_WARN_INFINITE_RECURSION = YES;
				CLANG_WARN_INT_CONVERSION = YES;
				CLANG_WARN_NON_LITERAL_NULL_CONVERSION = YES;
				CLANG_WARN_OBJC_IMPLICIT_RETAIN_SELF = YES;
				CLANG_WARN_OBJC_LITERAL_CONVERSION = YES;
				CLANG_WARN_OBJC_ROOT_CLASS = YES_ERROR;
				CLANG_WARN_RANGE_LOOP_ANALYSIS = YES;
				CLANG_WARN_STRICT_PROTOTYPES = YES;
				CLANG_WARN_SUSPICIOUS_MOVE = YES;
				CLANG_WARN_UNGUARDED_AVAILABILITY = YES_AGGRESSIVE;
				CLANG_WARN_UNREACHABLE_CODE = YES;
				CLANG_WARN__DUPLICATE_METHOD_MATCH = YES;
				COPY_PHASE_STRIP = NO;
				DEBUG_INFORMATION_FORMAT = dwarf;
				ENABLE_STRICT_OBJC_MSGSEND = YES;
				ENABLE_TESTABILITY = YES;
				GCC_C_LANGUAGE_STANDARD = gnu11;
				GCC_DYNAMIC_NO_PIC = NO;
				GCC_NO_COMMON_BLOCKS = YES;
				GCC_OPTIMIZATION_LEVEL = 0;
				GCC_PREPROCESSOR_DEFINITIONS = (
					"DEBUG=1",
					"$(inherited)",
				);
				GCC_WARN_64_TO_32_BIT_CONVERSION = YES;
				GCC_WARN_ABOUT_RETURN_TYPE = YES_ERROR;
				GCC_WARN_UNDECLARED_SELECTOR = YES;
				GCC_WARN_UNINITIALIZED_AUTOS = YES_AGGRESSIVE;
				GCC_WARN_UNUSED_FUNCTION = YES;
				GCC_WARN_UNUSED_VARIABLE = YES;
				IPHONEOS_DEPLOYMENT_TARGET = 13.2;
				MTL_ENABLE_DEBUG_INFO = INCLUDE_SOURCE;
				MTL_FAST_MATH = YES;
				ONLY_ACTIVE_ARCH = YES;
				SDKROOT = iphoneos;
				SWIFT_ACTIVE_COMPILATION_CONDITIONS = DEBUG;
				SWIFT_OPTIMIZATION_LEVEL = "-Onone";
			};
			name = Debug;
		};
		2C2E97BB239EF0D400876922 /* Release */ = {
			isa = XCBuildConfiguration;
			buildSettings = {
				ALWAYS_SEARCH_USER_PATHS = NO;
				CLANG_ANALYZER_NONNULL = YES;
				CLANG_ANALYZER_NUMBER_OBJECT_CONVERSION = YES_AGGRESSIVE;
				CLANG_CXX_LANGUAGE_STANDARD = "gnu++14";
				CLANG_CXX_LIBRARY = "libc++";
				CLANG_ENABLE_MODULES = YES;
				CLANG_ENABLE_OBJC_ARC = YES;
				CLANG_ENABLE_OBJC_WEAK = YES;
				CLANG_WARN_BLOCK_CAPTURE_AUTORELEASING = YES;
				CLANG_WARN_BOOL_CONVERSION = YES;
				CLANG_WARN_COMMA = YES;
				CLANG_WARN_CONSTANT_CONVERSION = YES;
				CLANG_WARN_DEPRECATED_OBJC_IMPLEMENTATIONS = YES;
				CLANG_WARN_DIRECT_OBJC_ISA_USAGE = YES_ERROR;
				CLANG_WARN_DOCUMENTATION_COMMENTS = YES;
				CLANG_WARN_EMPTY_BODY = YES;
				CLANG_WARN_ENUM_CONVERSION = YES;
				CLANG_WARN_INFINITE_RECURSION = YES;
				CLANG_WARN_INT_CONVERSION = YES;
				CLANG_WARN_NON_LITERAL_NULL_CONVERSION = YES;
				CLANG_WARN_OBJC_IMPLICIT_RETAIN_SELF = YES;
				CLANG_WARN_OBJC_LITERAL_CONVERSION = YES;
				CLANG_WARN_OBJC_ROOT_CLASS = YES_ERROR;
				CLANG_WARN_RANGE_LOOP_ANALYSIS = YES;
				CLANG_WARN_STRICT_PROTOTYPES = YES;
				CLANG_WARN_SUSPICIOUS_MOVE = YES;
				CLANG_WARN_UNGUARDED_AVAILABILITY = YES_AGGRESSIVE;
				CLANG_WARN_UNREACHABLE_CODE = YES;
				CLANG_WARN__DUPLICATE_METHOD_MATCH = YES;
				COPY_PHASE_STRIP = NO;
				DEBUG_INFORMATION_FORMAT = "dwarf-with-dsym";
				ENABLE_NS_ASSERTIONS = NO;
				ENABLE_STRICT_OBJC_MSGSEND = YES;
				GCC_C_LANGUAGE_STANDARD = gnu11;
				GCC_NO_COMMON_BLOCKS = YES;
				GCC_WARN_64_TO_32_BIT_CONVERSION = YES;
				GCC_WARN_ABOUT_RETURN_TYPE = YES_ERROR;
				GCC_WARN_UNDECLARED_SELECTOR = YES;
				GCC_WARN_UNINITIALIZED_AUTOS = YES_AGGRESSIVE;
				GCC_WARN_UNUSED_FUNCTION = YES;
				GCC_WARN_UNUSED_VARIABLE = YES;
				IPHONEOS_DEPLOYMENT_TARGET = 13.2;
				MTL_ENABLE_DEBUG_INFO = NO;
				MTL_FAST_MATH = YES;
				SDKROOT = iphoneos;
				SWIFT_COMPILATION_MODE = wholemodule;
				SWIFT_OPTIMIZATION_LEVEL = "-O";
				VALIDATE_PRODUCT = YES;
			};
			name = Release;
		};
		2C2E97BD239EF0D400876922 /* Debug */ = {
			isa = XCBuildConfiguration;
			buildSettings = {
				ASSETCATALOG_COMPILER_APPICON_NAME = AppIcon;
				CODE_SIGN_ENTITLEMENTS = JournalWithCloudKit/JournalWithCloudKit.entitlements;
				CODE_SIGN_STYLE = Automatic;
				DEVELOPMENT_TEAM = 4YRVTSSTS2;
				INFOPLIST_FILE = "$(SRCROOT)/JournalWithCloudKit/Resources/Info.plist";
				LD_RUNPATH_SEARCH_PATHS = (
					"$(inherited)",
					"@executable_path/Frameworks",
				);
				PRODUCT_BUNDLE_IDENTIFIER = com.RenaissanceApps.JournalWithCloudKit;
				PRODUCT_NAME = "$(TARGET_NAME)";
				SWIFT_VERSION = 5.0;
				TARGETED_DEVICE_FAMILY = "1,2";
			};
			name = Debug;
		};
		2C2E97BE239EF0D400876922 /* Release */ = {
			isa = XCBuildConfiguration;
			buildSettings = {
				ASSETCATALOG_COMPILER_APPICON_NAME = AppIcon;
				CODE_SIGN_ENTITLEMENTS = JournalWithCloudKit/JournalWithCloudKit.entitlements;
				CODE_SIGN_STYLE = Automatic;
				DEVELOPMENT_TEAM = 4YRVTSSTS2;
				INFOPLIST_FILE = "$(SRCROOT)/JournalWithCloudKit/Resources/Info.plist";
				LD_RUNPATH_SEARCH_PATHS = (
					"$(inherited)",
					"@executable_path/Frameworks",
				);
				PRODUCT_BUNDLE_IDENTIFIER = com.RenaissanceApps.JournalWithCloudKit;
				PRODUCT_NAME = "$(TARGET_NAME)";
				SWIFT_VERSION = 5.0;
				TARGETED_DEVICE_FAMILY = "1,2";
			};
			name = Release;
		};
/* End XCBuildConfiguration section */

/* Begin XCConfigurationList section */
		2C2E97A3239EF0D300876922 /* Build configuration list for PBXProject "JournalWithCloudKit" */ = {
			isa = XCConfigurationList;
			buildConfigurations = (
				2C2E97BA239EF0D400876922 /* Debug */,
				2C2E97BB239EF0D400876922 /* Release */,
			);
			defaultConfigurationIsVisible = 0;
			defaultConfigurationName = Release;
		};
		2C2E97BC239EF0D400876922 /* Build configuration list for PBXNativeTarget "JournalWithCloudKit" */ = {
			isa = XCConfigurationList;
			buildConfigurations = (
				2C2E97BD239EF0D400876922 /* Debug */,
				2C2E97BE239EF0D400876922 /* Release */,
			);
			defaultConfigurationIsVisible = 0;
			defaultConfigurationName = Release;
		};
/* End XCConfigurationList section */
	};
	rootObject = 2C2E97A0239EF0D300876922 /* Project object */;
}
